
Microsoft Visual Studio Solution File, Format Version 12.00
# Visual Studio Version 17
VisualStudioVersion = 17.8.34330.188
MinimumVisualStudioVersion = 10.0.40219.1
Project("{FAE04EC0-301F-11D3-BF4B-00C04F79EFBC}") = "DataEntrySystemDL", "DataEntrySystemDL\DataEntrySystemDL.csproj", "{61E8D73B-9804-47D1-9B9A-B73CCEC2160D}"
EndProject
Global
	GlobalSection(SolutionConfigurationPlatforms) = preSolution
		Debug|Any CPU = Debug|Any CPU
		Release|Any CPU = Release|Any CPU
	EndGlobalSection
	GlobalSection(ProjectConfigurationPlatforms) = postSolution
		{61E8D73B-9804-47D1-9B9A-B73CCEC2160D}.Debug|Any CPU.ActiveCfg = Debug|Any CPU
		{61E8D73B-9804-47D1-9B9A-B73CCEC2160D}.Debug|Any CPU.Build.0 = Debug|Any CPU
		{61E8D73B-9804-47D1-9B9A-B73CCEC2160D}.Release|Any CPU.ActiveCfg = Release|Any CPU
		{61E8D73B-9804-47D1-9B9A-B73CCEC2160D}.Release|Any CPU.Build.0 = Release|Any CPU
	EndGlobalSection
	GlobalSection(SolutionProperties) = preSolution
		HideSolutionNode = FALSE
	EndGlobalSection
	GlobalSection(ExtensibilityGlobals) = postSolution
		SolutionGuid = {01741921-4EB0-4CB3-BD20-49AC3FCA13E4}
	EndGlobalSection
EndGlobal
